
Microsoft Visual Studio Solution File, Format Version 12.00
# Visual Studio Version 16
VisualStudioVersion = 16.0.28922.388
MinimumVisualStudioVersion = 10.0.40219.1
Project("{FAE04EC0-301F-11D3-BF4B-00C04F79EFBC}") = "WallpaperMaster.UI", "WallpaperMaster\WallpaperMaster.UI.csproj", "{D841CEC9-6243-4CAF-B03D-47D7A23FB3B2}"
EndProject
Project("{FAE04EC0-301F-11D3-BF4B-00C04F79EFBC}") = "WallpaperMaster.Service", "WallpaperMaster.Service\WallpaperMaster.Service.csproj", "{35A719A2-B01B-41E5-94A7-C19BCFB63C59}"
EndProject
Project("{FAE04EC0-301F-11D3-BF4B-00C04F79EFBC}") = "WallpaperMaster.DAL", "WallpaperMaster.DAL\WallpaperMaster.DAL.csproj", "{172E8422-BBDC-4268-BBB2-D83E5145748E}"
EndProject
Global
	GlobalSection(SolutionConfigurationPlatforms) = preSolution
		Debug|Any CPU = Debug|Any CPU
		Release|Any CPU = Release|Any CPU
	EndGlobalSection
	GlobalSection(ProjectConfigurationPlatforms) = postSolution
		{D841CEC9-6243-4CAF-B03D-47D7A23FB3B2}.Debug|Any CPU.ActiveCfg = Debug|Any CPU
		{D841CEC9-6243-4CAF-B03D-47D7A23FB3B2}.Debug|Any CPU.Build.0 = Debug|Any CPU
		{D841CEC9-6243-4CAF-B03D-47D7A23FB3B2}.Release|Any CPU.ActiveCfg = Release|Any CPU
		{D841CEC9-6243-4CAF-B03D-47D7A23FB3B2}.Release|Any CPU.Build.0 = Release|Any CPU
		{35A719A2-B01B-41E5-94A7-C19BCFB63C59}.Debug|Any CPU.ActiveCfg = Debug|Any CPU
		{35A719A2-B01B-41E5-94A7-C19BCFB63C59}.Debug|Any CPU.Build.0 = Debug|Any CPU
		{35A719A2-B01B-41E5-94A7-C19BCFB63C59}.Release|Any CPU.ActiveCfg = Release|Any CPU
		{35A719A2-B01B-41E5-94A7-C19BCFB63C59}.Release|Any CPU.Build.0 = Release|Any CPU
		{172E8422-BBDC-4268-BBB2-D83E5145748E}.Debug|Any CPU.ActiveCfg = Debug|Any CPU
		{172E8422-BBDC-4268-BBB2-D83E5145748E}.Debug|Any CPU.Build.0 = Debug|Any CPU
		{172E8422-BBDC-4268-BBB2-D83E5145748E}.Release|Any CPU.ActiveCfg = Release|Any CPU
		{172E8422-BBDC-4268-BBB2-D83E5145748E}.Release|Any CPU.Build.0 = Release|Any CPU
	EndGlobalSection
	GlobalSection(SolutionProperties) = preSolution
		HideSolutionNode = FALSE
	EndGlobalSection
	GlobalSection(ExtensibilityGlobals) = postSolution
		SolutionGuid = {B70B2A28-3571-4ABF-8D26-166E0941D7EE}
	EndGlobalSection
EndGlobal
